// !$*UTF8*$!
{
	archiveVersion = 1;
	classes = {
	};
	objectVersion = 46;
	objects = {

/* Begin PBXBuildFile section */
		4D7394E01DB0AADD00DEA004 /* AppDelegate.swift in Sources */ = {isa = PBXBuildFile; fileRef = 4D7394DF1DB0AADD00DEA004 /* AppDelegate.swift */; };
		4D7394E21DB0AADD00DEA004 /* FlickTableViewController.swift in Sources */ = {isa = PBXBuildFile; fileRef = 4D7394E11DB0AADD00DEA004 /* FlickTableViewController.swift */; };
		4D7394E51DB0AADD00DEA004 /* Main.storyboard in Resources */ = {isa = PBXBuildFile; fileRef = 4D7394E31DB0AADD00DEA004 /* Main.storyboard */; };
		4D7394E71DB0AADD00DEA004 /* Assets.xcassets in Resources */ = {isa = PBXBuildFile; fileRef = 4D7394E61DB0AADD00DEA004 /* Assets.xcassets */; };
		4D7394EA1DB0AADD00DEA004 /* LaunchScreen.storyboard in Resources */ = {isa = PBXBuildFile; fileRef = 4D7394E81DB0AADD00DEA004 /* LaunchScreen.storyboard */; };
		4D7394F61DB1F64800DEA004 /* MoviePrototypeCell.swift in Sources */ = {isa = PBXBuildFile; fileRef = 4D7394F51DB1F64800DEA004 /* MoviePrototypeCell.swift */; };
		4D7394F91DB2A49800DEA004 /* MovieCell.swift in Sources */ = {isa = PBXBuildFile; fileRef = 4D7394F71DB2A49800DEA004 /* MovieCell.swift */; };
		4D7394FA1DB2A49800DEA004 /* MovieCell.xib in Resources */ = {isa = PBXBuildFile; fileRef = 4D7394F81DB2A49800DEA004 /* MovieCell.xib */; };
		4D7394FC1DB2FFBB00DEA004 /* DetailsViewController.swift in Sources */ = {isa = PBXBuildFile; fileRef = 4D7394FB1DB2FFBB00DEA004 /* DetailsViewController.swift */; };
		A2CD485E16B9CDB3CACC5245 /* Pods_Flicks.framework in Frameworks */ = {isa = PBXBuildFile; fileRef = 0F960204083B87B54CE47435 /* Pods_Flicks.framework */; };
/* End PBXBuildFile section */

/* Begin PBXFileReference section */
		0F960204083B87B54CE47435 /* Pods_Flicks.framework */ = {isa = PBXFileReference; explicitFileType = wrapper.framework; includeInIndex = 0; path = Pods_Flicks.framework; sourceTree = BUILT_PRODUCTS_DIR; };
		2303FD85BE6798B4E491C694 /* Pods-Flicks.release.xcconfig */ = {isa = PBXFileReference; includeInIndex = 1; lastKnownFileType = text.xcconfig; name = "Pods-Flicks.release.xcconfig"; path = "Pods/Target Support Files/Pods-Flicks/Pods-Flicks.release.xcconfig"; sourceTree = "<group>"; };
		4D7394DC1DB0AADD00DEA004 /* Flicks.app */ = {isa = PBXFileReference; explicitFileType = wrapper.application; includeInIndex = 0; path = Flicks.app; sourceTree = BUILT_PRODUCTS_DIR; };
		4D7394DF1DB0AADD00DEA004 /* AppDelegate.swift */ = {isa = PBXFileReference; lastKnownFileType = sourcecode.swift; path = AppDelegate.swift; sourceTree = "<group>"; };
		4D7394E11DB0AADD00DEA004 /* FlickTableViewController.swift */ = {isa = PBXFileReference; lastKnownFileType = sourcecode.swift; path = FlickTableViewController.swift; sourceTree = "<group>"; };
		4D7394E41DB0AADD00DEA004 /* Base */ = {isa = PBXFileReference; lastKnownFileType = file.storyboard; name = Base; path = Base.lproj/Main.storyboard; sourceTree = "<group>"; };
		4D7394E61DB0AADD00DEA004 /* Assets.xcassets */ = {isa = PBXFileReference; lastKnownFileType = folder.assetcatalog; path = Assets.xcassets; sourceTree = "<group>"; };
		4D7394E91DB0AADD00DEA004 /* Base */ = {isa = PBXFileReference; lastKnownFileType = file.storyboard; name = Base; path = Base.lproj/LaunchScreen.storyboard; sourceTree = "<group>"; };
		4D7394EB1DB0AADD00DEA004 /* Info.plist */ = {isa = PBXFileReference; lastKnownFileType = text.plist.xml; path = Info.plist; sourceTree = "<group>"; };
		4D7394F51DB1F64800DEA004 /* MoviePrototypeCell.swift */ = {isa = PBXFileReference; fileEncoding = 4; lastKnownFileType = sourcecode.swift; path = MoviePrototypeCell.swift; sourceTree = "<group>"; };
		4D7394F71DB2A49800DEA004 /* MovieCell.swift */ = {isa = PBXFileReference; fileEncoding = 4; lastKnownFileType = sourcecode.swift; path = MovieCell.swift; sourceTree = "<group>"; };
		4D7394F81DB2A49800DEA004 /* MovieCell.xib */ = {isa = PBXFileReference; fileEncoding = 4; lastKnownFileType = file.xib; path = MovieCell.xib; sourceTree = "<group>"; };
		4D7394FB1DB2FFBB00DEA004 /* DetailsViewController.swift */ = {isa = PBXFileReference; fileEncoding = 4; lastKnownFileType = sourcecode.swift; path = DetailsViewController.swift; sourceTree = "<group>"; };
		F5F8845A0735329D93E16564 /* Pods-Flicks.debug.xcconfig */ = {isa = PBXFileReference; includeInIndex = 1; lastKnownFileType = text.xcconfig; name = "Pods-Flicks.debug.xcconfig"; path = "Pods/Target Support Files/Pods-Flicks/Pods-Flicks.debug.xcconfig"; sourceTree = "<group>"; };
/* End PBXFileReference section */

/* Begin PBXFrameworksBuildPhase section */
		4D7394D91DB0AADD00DEA004 /* Frameworks */ = {
			isa = PBXFrameworksBuildPhase;
			buildActionMask = 2147483647;
			files = (
				A2CD485E16B9CDB3CACC5245 /* Pods_Flicks.framework in Frameworks */,
			);
			runOnlyForDeploymentPostprocessing = 0;
		};
/* End PBXFrameworksBuildPhase section */

/* Begin PBXGroup section */
		01E6EC18EFF47D12CA8C4DAB /* Pods */ = {
			isa = PBXGroup;
			children = (
				F5F8845A0735329D93E16564 /* Pods-Flicks.debug.xcconfig */,
				2303FD85BE6798B4E491C694 /* Pods-Flicks.release.xcconfig */,
			);
			name = Pods;
			sourceTree = "<group>";
		};
		4D7394D31DB0AADD00DEA004 = {
			isa = PBXGroup;
			children = (
				4D7394DE1DB0AADD00DEA004 /* Flicks */,
				4D7394DD1DB0AADD00DEA004 /* Products */,
				01E6EC18EFF47D12CA8C4DAB /* Pods */,
				614CFFE439C84AD79C816DCB /* Frameworks */,
			);
			sourceTree = "<group>";
		};
		4D7394DD1DB0AADD00DEA004 /* Products */ = {
			isa = PBXGroup;
			children = (
				4D7394DC1DB0AADD00DEA004 /* Flicks.app */,
			);
			name = Products;
			sourceTree = "<group>";
		};
		4D7394DE1DB0AADD00DEA004 /* Flicks */ = {
			isa = PBXGroup;
			children = (
				4D7394DF1DB0AADD00DEA004 /* AppDelegate.swift */,
				4D7394E11DB0AADD00DEA004 /* FlickTableViewController.swift */,
				4D7394E31DB0AADD00DEA004 /* Main.storyboard */,
				4D7394E61DB0AADD00DEA004 /* Assets.xcassets */,
				4D7394E81DB0AADD00DEA004 /* LaunchScreen.storyboard */,
				4D7394EB1DB0AADD00DEA004 /* Info.plist */,
				4D7394F51DB1F64800DEA004 /* MoviePrototypeCell.swift */,
				4D7394F71DB2A49800DEA004 /* MovieCell.swift */,
				4D7394F81DB2A49800DEA004 /* MovieCell.xib */,
				4D7394FB1DB2FFBB00DEA004 /* DetailsViewController.swift */,
			);
			path = Flicks;
			sourceTree = "<group>";
		};
		614CFFE439C84AD79C816DCB /* Frameworks */ = {
			isa = PBXGroup;
			children = (
				0F960204083B87B54CE47435 /* Pods_Flicks.framework */,
			);
			name = Frameworks;
			sourceTree = "<group>";
		};
/* End PBXGroup section */

/* Begin PBXNativeTarget section */
		4D7394DB1DB0AADD00DEA004 /* Flicks */ = {
			isa = PBXNativeTarget;
			buildConfigurationList = 4D7394EE1DB0AADD00DEA004 /* Build configuration list for PBXNativeTarget "Flicks" */;
			buildPhases = (
				AA4DE0AD635EC3FBD0CEA4E5 /* [CP] Check Pods Manifest.lock */,
				4D7394D81DB0AADD00DEA004 /* Sources */,
				4D7394D91DB0AADD00DEA004 /* Frameworks */,
				4D7394DA1DB0AADD00DEA004 /* Resources */,
				B9D68A465AC265E7D44840FF /* [CP] Embed Pods Frameworks */,
				DDA53FE45C80C2295E2333C5 /* [CP] Copy Pods Resources */,
			);
			buildRules = (
			);
			dependencies = (
			);
			name = Flicks;
			productName = Flicks;
			productReference = 4D7394DC1DB0AADD00DEA004 /* Flicks.app */;
			productType = "com.apple.product-type.application";
		};
/* End PBXNativeTarget section */

/* Begin PBXProject section */
		4D7394D41DB0AADD00DEA004 /* Project object */ = {
			isa = PBXProject;
			attributes = {
				LastSwiftUpdateCheck = 0800;
				LastUpgradeCheck = 0800;
				ORGANIZATIONNAME = "Nari Shin";
				TargetAttributes = {
					4D7394DB1DB0AADD00DEA004 = {
						CreatedOnToolsVersion = 8.0;
						ProvisioningStyle = Automatic;
					};
				};
			};
			buildConfigurationList = 4D7394D71DB0AADD00DEA004 /* Build configuration list for PBXProject "Flicks" */;
			compatibilityVersion = "Xcode 3.2";
			developmentRegion = English;
			hasScannedForEncodings = 0;
			knownRegions = (
				en,
				Base,
			);
			mainGroup = 4D7394D31DB0AADD00DEA004;
			productRefGroup = 4D7394DD1DB0AADD00DEA004 /* Products */;
			projectDirPath = "";
			projectRoot = "";
			targets = (
				4D7394DB1DB0AADD00DEA004 /* Flicks */,
			);
		};
/* End PBXProject section */

/* Begin PBXResourcesBuildPhase section */
		4D7394DA1DB0AADD00DEA004 /* Resources */ = {
			isa = PBXResourcesBuildPhase;
			buildActionMask = 2147483647;
			files = (
				4D7394EA1DB0AADD00DEA004 /* LaunchScreen.storyboard in Resources */,
				4D7394E71DB0AADD00DEA004 /* Assets.xcassets in Resources */,
				4D7394FA1DB2A49800DEA004 /* MovieCell.xib in Resources */,
				4D7394E51DB0AADD00DEA004 /* Main.storyboard in Resources */,
			);
			runOnlyForDeploymentPostprocessing = 0;
		};
/* End PBXResourcesBuildPhase section */

/* Begin PBXShellScriptBuildPhase section */
		AA4DE0AD635EC3FBD0CEA4E5 /* [CP] Check Pods Manifest.lock */ = {
			isa = PBXShellScriptBuildPhase;
			buildActionMask = 2147483647;
			files = (
			);
			inputPaths = (
			);
			name = "[CP] Check Pods Manifest.lock";
			outputPaths = (
			);
			runOnlyForDeploymentPostprocessing = 0;
			shellPath = /bin/sh;
			shellScript = "diff \"${PODS_ROOT}/../Podfile.lock\" \"${PODS_ROOT}/Manifest.lock\" > /dev/null\nif [[ $? != 0 ]] ; then\n    cat << EOM\nerror: The sandbox is not in sync with the Podfile.lock. Run 'pod install' or update your CocoaPods installation.\nEOM\n    exit 1\nfi\n";
			showEnvVarsInLog = 0;
		};
		B9D68A465AC265E7D44840FF /* [CP] Embed Pods Frameworks */ = {
			isa = PBXShellScriptBuildPhase;
			buildActionMask = 2147483647;
			files = (
			);
			inputPaths = (
			);
			name = "[CP] Embed Pods Frameworks";
			outputPaths = (
			);
			runOnlyForDeploymentPostprocessing = 0;
			shellPath = /bin/sh;
			shellScript = "\"${SRCROOT}/Pods/Target Support Files/Pods-Flicks/Pods-Flicks-frameworks.sh\"\n";
			showEnvVarsInLog = 0;
		};
		DDA53FE45C80C2295E2333C5 /* [CP] Copy Pods Resources */ = {
			isa = PBXShellScriptBuildPhase;
			buildActionMask = 2147483647;
			files = (
			);
			inputPaths = (
			);
			name = "[CP] Copy Pods Resources";
			outputPaths = (
			);
			runOnlyForDeploymentPostprocessing = 0;
			shellPath = /bin/sh;
			shellScript = "\"${SRCROOT}/Pods/Target Support Files/Pods-Flicks/Pods-Flicks-resources.sh\"\n";
			showEnvVarsInLog = 0;
		};
/* End PBXShellScriptBuildPhase section */

/* Begin PBXSourcesBuildPhase section */
		4D7394D81DB0AADD00DEA004 /* Sources */ = {
			isa = PBXSourcesBuildPhase;
			buildActionMask = 2147483647;
			files = (
				4D7394E21DB0AADD00DEA004 /* FlickTableViewController.swift in Sources */,
				4D7394F61DB1F64800DEA004 /* MoviePrototypeCell.swift in Sources */,
				4D7394F91DB2A49800DEA004 /* MovieCell.swift in Sources */,
				4D7394E01DB0AADD00DEA004 /* AppDelegate.swift in Sources */,
				4D7394FC1DB2FFBB00DEA004 /* DetailsViewController.swift in Sources */,
			);
			runOnlyForDeploymentPostprocessing = 0;
		};
/* End PBXSourcesBuildPhase section */

/* Begin PBXVariantGroup section */
		4D7394E31DB0AADD00DEA004 /* Main.storyboard */ = {
			isa = PBXVariantGroup;
			children = (
				4D7394E41DB0AADD00DEA004 /* Base */,
			);
			name = Main.storyboard;
			sourceTree = "<group>";
		};
		4D7394E81DB0AADD00DEA004 /* LaunchScreen.storyboard */ = {
			isa = PBXVariantGroup;
			children = (
				4D7394E91DB0AADD00DEA004 /* Base */,
			);
			name = LaunchScreen.storyboard;
			sourceTree = "<group>";
		};
/* End PBXVariantGroup section */

/* Begin XCBuildConfiguration section */
		4D7394EC1DB0AADD00DEA004 /* Debug */ = {
			isa = XCBuildConfiguration;
			buildSettings = {
				ALWAYS_SEARCH_USER_PATHS = NO;
				CLANG_ANALYZER_NONNULL = YES;
				CLANG_CXX_LANGUAGE_STANDARD = "gnu++0x";
				CLANG_CXX_LIBRARY = "libc++";
				CLANG_ENABLE_MODULES = YES;
				CLANG_ENABLE_OBJC_ARC = YES;
				CLANG_WARN_BOOL_CONVERSION = YES;
				CLANG_WARN_CONSTANT_CONVERSION = YES;
				CLANG_WARN_DIRECT_OBJC_ISA_USAGE = YES_ERROR;
				CLANG_WARN_DOCUMENTATION_COMMENTS = YES;
				CLANG_WARN_EMPTY_BODY = YES;
				CLANG_WARN_ENUM_CONVERSION = YES;
				CLANG_WARN_INFINITE_RECURSION = YES;
				CLANG_WARN_INT_CONVERSION = YES;
				CLANG_WARN_OBJC_ROOT_CLASS = YES_ERROR;
				CLANG_WARN_SUSPICIOUS_MOVES = YES;
				CLANG_WARN_UNREACHABLE_CODE = YES;
				CLANG_WARN__DUPLICATE_METHOD_MATCH = YES;
				"CODE_SIGN_IDENTITY[sdk=iphoneos*]" = "iPhone Developer";
				COPY_PHASE_STRIP = NO;
				DEBUG_INFORMATION_FORMAT = dwarf;
				ENABLE_STRICT_OBJC_MSGSEND = YES;
				ENABLE_TESTABILITY = YES;
				GCC_C_LANGUAGE_STANDARD = gnu99;
				GCC_DYNAMIC_NO_PIC = NO;
				GCC_NO_COMMON_BLOCKS = YES;
				GCC_OPTIMIZATION_LEVEL = 0;
				GCC_PREPROCESSOR_DEFINITIONS = (
					"DEBUG=1",
					"$(inherited)",
				);
				GCC_WARN_64_TO_32_BIT_CONVERSION = YES;
				GCC_WARN_ABOUT_RETURN_TYPE = YES_ERROR;
				GCC_WARN_UNDECLARED_SELECTOR = YES;
				GCC_WARN_UNINITIALIZED_AUTOS = YES_AGGRESSIVE;
				GCC_WARN_UNUSED_FUNCTION = YES;
				GCC_WARN_UNUSED_VARIABLE = YES;
				IPHONEOS_DEPLOYMENT_TARGET = 10.0;
				MTL_ENABLE_DEBUG_INFO = YES;
				ONLY_ACTIVE_ARCH = YES;
				SDKROOT = iphoneos;
				SWIFT_ACTIVE_COMPILATION_CONDITIONS = DEBUG;
				SWIFT_OPTIMIZATION_LEVEL = "-Onone";
			};
			name = Debug;
		};
		4D7394ED1DB0AADD00DEA004 /* Release */ = {
			isa = XCBuildConfiguration;
			buildSettings = {
				ALWAYS_SEARCH_USER_PATHS = NO;
				CLANG_ANALYZER_NONNULL = YES;
				CLANG_CXX_LANGUAGE_STANDARD = "gnu++0x";
				CLANG_CXX_LIBRARY = "libc++";
				CLANG_ENABLE_MODULES = YES;
				CLANG_ENABLE_OBJC_ARC = YES;
				CLANG_WARN_BOOL_CONVERSION = YES;
				CLANG_WARN_CONSTANT_CONVERSION = YES;
				CLANG_WARN_DIRECT_OBJC_ISA_USAGE = YES_ERROR;
				CLANG_WARN_DOCUMENTATION_COMMENTS = YES;
				CLANG_WARN_EMPTY_BODY = YES;
				CLANG_WARN_ENUM_CONVERSION = YES;
				CLANG_WARN_INFINITE_RECURSION = YES;
				CLANG_WARN_INT_CONVERSION = YES;
				CLANG_WARN_OBJC_ROOT_CLASS = YES_ERROR;
				CLANG_WARN_SUSPICIOUS_MOVES = YES;
				CLANG_WARN_UNREACHABLE_CODE = YES;
				CLANG_WARN__DUPLICATE_METHOD_MATCH = YES;
				"CODE_SIGN_IDENTITY[sdk=iphoneos*]" = "iPhone Developer";
				COPY_PHASE_STRIP = NO;
				DEBUG_INFORMATION_FORMAT = "dwarf-with-dsym";
				ENABLE_NS_ASSERTIONS = NO;
				ENABLE_STRICT_OBJC_MSGSEND = YES;
				GCC_C_LANGUAGE_STANDARD = gnu99;
				GCC_NO_COMMON_BLOCKS = YES;
				GCC_WARN_64_TO_32_BIT_CONVERSION = YES;
				GCC_WARN_ABOUT_RETURN_TYPE = YES_ERROR;
				GCC_WARN_UNDECLARED_SELECTOR = YES;
				GCC_WARN_UNINITIALIZED_AUTOS = YES_AGGRESSIVE;
				GCC_WARN_UNUSED_FUNCTION = YES;
				GCC_WARN_UNUSED_VARIABLE = YES;
				IPHONEOS_DEPLOYMENT_TARGET = 10.0;
				MTL_ENABLE_DEBUG_INFO = NO;
				SDKROOT = iphoneos;
				SWIFT_OPTIMIZATION_LEVEL = "-Owholemodule";
				VALIDATE_PRODUCT = YES;
			};
			name = Release;
		};
		4D7394EF1DB0AADD00DEA004 /* Debug */ = {
			isa = XCBuildConfiguration;
			baseConfigurationReference = F5F8845A0735329D93E16564 /* Pods-Flicks.debug.xcconfig */;
			buildSettings = {
				ASSETCATALOG_COMPILER_APPICON_NAME = AppIcon;
				INFOPLIST_FILE = Flicks/Info.plist;
				LD_RUNPATH_SEARCH_PATHS = "$(inherited) @executable_path/Frameworks";
				PRODUCT_BUNDLE_IDENTIFIER = com.nari.Flicks;
				PRODUCT_NAME = "$(TARGET_NAME)";
				SWIFT_VERSION = 3.0;
			};
			name = Debug;
		};
		4D7394F01DB0AADD00DEA004 /* Release */ = {
			isa = XCBuildConfiguration;
			baseConfigurationReference = 2303FD85BE6798B4E491C694 /* Pods-Flicks.release.xcconfig */;
			buildSettings = {
				ASSETCATALOG_COMPILER_APPICON_NAME = AppIcon;
				INFOPLIST_FILE = Flicks/Info.plist;
				LD_RUNPATH_SEARCH_PATHS = "$(inherited) @executable_path/Frameworks";
				PRODUCT_BUNDLE_IDENTIFIER = com.nari.Flicks;
				PRODUCT_NAME = "$(TARGET_NAME)";
				SWIFT_VERSION = 3.0;
			};
			name = Release;
		};
/* End XCBuildConfiguration section */

/* Begin XCConfigurationList section */
		4D7394D71DB0AADD00DEA004 /* Build configuration list for PBXProject "Flicks" */ = {
			isa = XCConfigurationList;
			buildConfigurations = (
				4D7394EC1DB0AADD00DEA004 /* Debug */,
				4D7394ED1DB0AADD00DEA004 /* Release */,
			);
			defaultConfigurationIsVisible = 0;
			defaultConfigurationName = Release;
		};
		4D7394EE1DB0AADD00DEA004 /* Build configuration list for PBXNativeTarget "Flicks" */ = {
			isa = XCConfigurationList;
			buildConfigurations = (
				4D7394EF1DB0AADD00DEA004 /* Debug */,
				4D7394F01DB0AADD00DEA004 /* Release */,
			);
			defaultConfigurationIsVisible = 0;
			defaultConfigurationName = Release;
		};
/* End XCConfigurationList section */
	};
	rootObject = 4D7394D41DB0AADD00DEA004 /* Project object */;
}
